
Microsoft Visual Studio Solution File, Format Version 12.00
# Visual Studio Version 17
VisualStudioVersion = 17.13.35806.99 d17.13
MinimumVisualStudioVersion = 10.0.40219.1
Project("{FAE04EC0-301F-11D3-BF4B-00C04F79EFBC}") = "PlataformaVoluntariado", "PlataformaVoluntariado.csproj", "{493B8C92-0FF7-4A42-863D-F0D82FC5DF7F}"
EndProject
Global
	GlobalSection(SolutionConfigurationPlatforms) = preSolution
		Debug|Any CPU = Debug|Any CPU
		Release|Any CPU = Release|Any CPU
	EndGlobalSection
	GlobalSection(ProjectConfigurationPlatforms) = postSolution
		{493B8C92-0FF7-4A42-863D-F0D82FC5DF7F}.Debug|Any CPU.ActiveCfg = Debug|Any CPU
		{493B8C92-0FF7-4A42-863D-F0D82FC5DF7F}.Debug|Any CPU.Build.0 = Debug|Any CPU
		{493B8C92-0FF7-4A42-863D-F0D82FC5DF7F}.Release|Any CPU.ActiveCfg = Release|Any CPU
		{493B8C92-0FF7-4A42-863D-F0D82FC5DF7F}.Release|Any CPU.Build.0 = Release|Any CPU
	EndGlobalSection
	GlobalSection(SolutionProperties) = preSolution
		HideSolutionNode = FALSE
	EndGlobalSection
	GlobalSection(ExtensibilityGlobals) = postSolution
		SolutionGuid = {9B1D1183-A5D7-41FF-B5A3-F32F6ACA7500}
	EndGlobalSection
EndGlobal
